// !$*UTF8*$!
{
	archiveVersion = 1;
	classes = {
	};
	objectVersion = 50;
	objects = {

/* Begin PBXBuildFile section */
		DB5D4767214377E8004B2AFC /* AppDelegate.swift in Sources */ = {isa = PBXBuildFile; fileRef = DB5D4766214377E8004B2AFC /* AppDelegate.swift */; };
		DB5D4769214377E8004B2AFC /* ViewController.swift in Sources */ = {isa = PBXBuildFile; fileRef = DB5D4768214377E8004B2AFC /* ViewController.swift */; };
		DB5D476C214377E8004B2AFC /* Main.storyboard in Resources */ = {isa = PBXBuildFile; fileRef = DB5D476A214377E8004B2AFC /* Main.storyboard */; };
		DB5D476E214377E9004B2AFC /* Assets.xcassets in Resources */ = {isa = PBXBuildFile; fileRef = DB5D476D214377E9004B2AFC /* Assets.xcassets */; };
		DB5D4771214377E9004B2AFC /* LaunchScreen.storyboard in Resources */ = {isa = PBXBuildFile; fileRef = DB5D476F214377E9004B2AFC /* LaunchScreen.storyboard */; };
		DB5D477C214377E9004B2AFC /* TippyTests.swift in Sources */ = {isa = PBXBuildFile; fileRef = DB5D477B214377E9004B2AFC /* TippyTests.swift */; };
		DB5D4787214377E9004B2AFC /* TippyUITests.swift in Sources */ = {isa = PBXBuildFile; fileRef = DB5D4786214377E9004B2AFC /* TippyUITests.swift */; };
/* End PBXBuildFile section */

/* Begin PBXContainerItemProxy section */
		DB5D4778214377E9004B2AFC /* PBXContainerItemProxy */ = {
			isa = PBXContainerItemProxy;
			containerPortal = DB5D475B214377E8004B2AFC /* Project object */;
			proxyType = 1;
			remoteGlobalIDString = DB5D4762214377E8004B2AFC;
			remoteInfo = Tippy;
		};
		DB5D4783214377E9004B2AFC /* PBXContainerItemProxy */ = {
			isa = PBXContainerItemProxy;
			containerPortal = DB5D475B214377E8004B2AFC /* Project object */;
			proxyType = 1;
			remoteGlobalIDString = DB5D4762214377E8004B2AFC;
			remoteInfo = Tippy;
		};
/* End PBXContainerItemProxy section */

/* Begin PBXFileReference section */
		DB5D4763214377E8004B2AFC /* Tippy.app */ = {isa = PBXFileReference; explicitFileType = wrapper.application; includeInIndex = 0; path = Tippy.app; sourceTree = BUILT_PRODUCTS_DIR; };
		DB5D4766214377E8004B2AFC /* AppDelegate.swift */ = {isa = PBXFileReference; lastKnownFileType = sourcecode.swift; path = AppDelegate.swift; sourceTree = "<group>"; };
		DB5D4768214377E8004B2AFC /* ViewController.swift */ = {isa = PBXFileReference; lastKnownFileType = sourcecode.swift; path = ViewController.swift; sourceTree = "<group>"; };
		DB5D476B214377E8004B2AFC /* Base */ = {isa = PBXFileReference; lastKnownFileType = file.storyboard; name = Base; path = Base.lproj/Main.storyboard; sourceTree = "<group>"; };
		DB5D476D214377E9004B2AFC /* Assets.xcassets */ = {isa = PBXFileReference; lastKnownFileType = folder.assetcatalog; path = Assets.xcassets; sourceTree = "<group>"; };
		DB5D4770214377E9004B2AFC /* Base */ = {isa = PBXFileReference; lastKnownFileType = file.storyboard; name = Base; path = Base.lproj/LaunchScreen.storyboard; sourceTree = "<group>"; };
		DB5D4772214377E9004B2AFC /* Info.plist */ = {isa = PBXFileReference; lastKnownFileType = text.plist.xml; path = Info.plist; sourceTree = "<group>"; };
		DB5D4777214377E9004B2AFC /* TippyTests.xctest */ = {isa = PBXFileReference; explicitFileType = wrapper.cfbundle; includeInIndex = 0; path = TippyTests.xctest; sourceTree = BUILT_PRODUCTS_DIR; };
		DB5D477B214377E9004B2AFC /* TippyTests.swift */ = {isa = PBXFileReference; lastKnownFileType = sourcecode.swift; path = TippyTests.swift; sourceTree = "<group>"; };
		DB5D477D214377E9004B2AFC /* Info.plist */ = {isa = PBXFileReference; lastKnownFileType = text.plist.xml; path = Info.plist; sourceTree = "<group>"; };
		DB5D4782214377E9004B2AFC /* TippyUITests.xctest */ = {isa = PBXFileReference; explicitFileType = wrapper.cfbundle; includeInIndex = 0; path = TippyUITests.xctest; sourceTree = BUILT_PRODUCTS_DIR; };
		DB5D4786214377E9004B2AFC /* TippyUITests.swift */ = {isa = PBXFileReference; lastKnownFileType = sourcecode.swift; path = TippyUITests.swift; sourceTree = "<group>"; };
		DB5D4788214377E9004B2AFC /* Info.plist */ = {isa = PBXFileReference; lastKnownFileType = text.plist.xml; path = Info.plist; sourceTree = "<group>"; };
/* End PBXFileReference section */

/* Begin PBXFrameworksBuildPhase section */
		DB5D4760214377E8004B2AFC /* Frameworks */ = {
			isa = PBXFrameworksBuildPhase;
			buildActionMask = 2147483647;
			files = (
			);
			runOnlyForDeploymentPostprocessing = 0;
		};
		DB5D4774214377E9004B2AFC /* Frameworks */ = {
			isa = PBXFrameworksBuildPhase;
			buildActionMask = 2147483647;
			files = (
			);
			runOnlyForDeploymentPostprocessing = 0;
		};
		DB5D477F214377E9004B2AFC /* Frameworks */ = {
			isa = PBXFrameworksBuildPhase;
			buildActionMask = 2147483647;
			files = (
			);
			runOnlyForDeploymentPostprocessing = 0;
		};
/* End PBXFrameworksBuildPhase section */

/* Begin PBXGroup section */
		DB5D475A214377E8004B2AFC = {
			isa = PBXGroup;
			children = (
				DB5D4765214377E8004B2AFC /* Tippy */,
				DB5D477A214377E9004B2AFC /* TippyTests */,
				DB5D4785214377E9004B2AFC /* TippyUITests */,
				DB5D4764214377E8004B2AFC /* Products */,
			);
			sourceTree = "<group>";
		};
		DB5D4764214377E8004B2AFC /* Products */ = {
			isa = PBXGroup;
			children = (
				DB5D4763214377E8004B2AFC /* Tippy.app */,
				DB5D4777214377E9004B2AFC /* TippyTests.xctest */,
				DB5D4782214377E9004B2AFC /* TippyUITests.xctest */,
			);
			name = Products;
			sourceTree = "<group>";
		};
		DB5D4765214377E8004B2AFC /* Tippy */ = {
			isa = PBXGroup;
			children = (
				DB5D4766214377E8004B2AFC /* AppDelegate.swift */,
				DB5D4768214377E8004B2AFC /* ViewController.swift */,
				DB5D476A214377E8004B2AFC /* Main.storyboard */,
				DB5D476D214377E9004B2AFC /* Assets.xcassets */,
				DB5D476F214377E9004B2AFC /* LaunchScreen.storyboard */,
				DB5D4772214377E9004B2AFC /* Info.plist */,
			);
			path = Tippy;
			sourceTree = "<group>";
		};
		DB5D477A214377E9004B2AFC /* TippyTests */ = {
			isa = PBXGroup;
			children = (
				DB5D477B214377E9004B2AFC /* TippyTests.swift */,
				DB5D477D214377E9004B2AFC /* Info.plist */,
			);
			path = TippyTests;
			sourceTree = "<group>";
		};
		DB5D4785214377E9004B2AFC /* TippyUITests */ = {
			isa = PBXGroup;
			children = (
				DB5D4786214377E9004B2AFC /* TippyUITests.swift */,
				DB5D4788214377E9004B2AFC /* Info.plist */,
			);
			path = TippyUITests;
			sourceTree = "<group>";
		};
/* End PBXGroup section */

/* Begin PBXNativeTarget section */
		DB5D4762214377E8004B2AFC /* Tippy */ = {
			isa = PBXNativeTarget;
			buildConfigurationList = DB5D478B214377E9004B2AFC /* Build configuration list for PBXNativeTarget "Tippy" */;
			buildPhases = (
				DB5D475F214377E8004B2AFC /* Sources */,
				DB5D4760214377E8004B2AFC /* Frameworks */,
				DB5D4761214377E8004B2AFC /* Resources */,
			);
			buildRules = (
			);
			dependencies = (
			);
			name = Tippy;
			productName = Tippy;
			productReference = DB5D4763214377E8004B2AFC /* Tippy.app */;
			productType = "com.apple.product-type.application";
		};
		DB5D4776214377E9004B2AFC /* TippyTests */ = {
			isa = PBXNativeTarget;
			buildConfigurationList = DB5D478E214377E9004B2AFC /* Build configuration list for PBXNativeTarget "TippyTests" */;
			buildPhases = (
				DB5D4773214377E9004B2AFC /* Sources */,
				DB5D4774214377E9004B2AFC /* Frameworks */,
				DB5D4775214377E9004B2AFC /* Resources */,
			);
			buildRules = (
			);
			dependencies = (
				DB5D4779214377E9004B2AFC /* PBXTargetDependency */,
			);
			name = TippyTests;
			productName = TippyTests;
			productReference = DB5D4777214377E9004B2AFC /* TippyTests.xctest */;
			productType = "com.apple.product-type.bundle.unit-test";
		};
		DB5D4781214377E9004B2AFC /* TippyUITests */ = {
			isa = PBXNativeTarget;
			buildConfigurationList = DB5D4791214377E9004B2AFC /* Build configuration list for PBXNativeTarget "TippyUITests" */;
			buildPhases = (
				DB5D477E214377E9004B2AFC /* Sources */,
				DB5D477F214377E9004B2AFC /* Frameworks */,
				DB5D4780214377E9004B2AFC /* Resources */,
			);
			buildRules = (
			);
			dependencies = (
				DB5D4784214377E9004B2AFC /* PBXTargetDependency */,
			);
			name = TippyUITests;
			productName = TippyUITests;
			productReference = DB5D4782214377E9004B2AFC /* TippyUITests.xctest */;
			productType = "com.apple.product-type.bundle.ui-testing";
		};
/* End PBXNativeTarget section */

/* Begin PBXProject section */
		DB5D475B214377E8004B2AFC /* Project object */ = {
			isa = PBXProject;
			attributes = {
				LastSwiftUpdateCheck = 0940;
				LastUpgradeCheck = 0940;
				ORGANIZATIONNAME = "Cesar Gutierrez";
				TargetAttributes = {
					DB5D4762214377E8004B2AFC = {
						CreatedOnToolsVersion = 9.4.1;
					};
					DB5D4776214377E9004B2AFC = {
						CreatedOnToolsVersion = 9.4.1;
						TestTargetID = DB5D4762214377E8004B2AFC;
					};
					DB5D4781214377E9004B2AFC = {
						CreatedOnToolsVersion = 9.4.1;
						TestTargetID = DB5D4762214377E8004B2AFC;
					};
				};
			};
			buildConfigurationList = DB5D475E214377E8004B2AFC /* Build configuration list for PBXProject "Tippy" */;
			compatibilityVersion = "Xcode 9.3";
			developmentRegion = en;
			hasScannedForEncodings = 0;
			knownRegions = (
				en,
				Base,
			);
			mainGroup = DB5D475A214377E8004B2AFC;
			productRefGroup = DB5D4764214377E8004B2AFC /* Products */;
			projectDirPath = "";
			projectRoot = "";
			targets = (
				DB5D4762214377E8004B2AFC /* Tippy */,
				DB5D4776214377E9004B2AFC /* TippyTests */,
				DB5D4781214377E9004B2AFC /* TippyUITests */,
			);
		};
/* End PBXProject section */

/* Begin PBXResourcesBuildPhase section */
		DB5D4761214377E8004B2AFC /* Resources */ = {
			isa = PBXResourcesBuildPhase;
			buildActionMask = 2147483647;
			files = (
				DB5D4771214377E9004B2AFC /* LaunchScreen.storyboard in Resources */,
				DB5D476E214377E9004B2AFC /* Assets.xcassets in Resources */,
				DB5D476C214377E8004B2AFC /* Main.storyboard in Resources */,
			);
			runOnlyForDeploymentPostprocessing = 0;
		};
		DB5D4775214377E9004B2AFC /* Resources */ = {
			isa = PBXResourcesBuildPhase;
			buildActionMask = 2147483647;
			files = (
			);
			runOnlyForDeploymentPostprocessing = 0;
		};
		DB5D4780214377E9004B2AFC /* Resources */ = {
			isa = PBXResourcesBuildPhase;
			buildActionMask = 2147483647;
			files = (
			);
			runOnlyForDeploymentPostprocessing = 0;
		};
/* End PBXResourcesBuildPhase section */

/* Begin PBXSourcesBuildPhase section */
		DB5D475F214377E8004B2AFC /* Sources */ = {
			isa = PBXSourcesBuildPhase;
			buildActionMask = 2147483647;
			files = (
				DB5D4769214377E8004B2AFC /* ViewController.swift in Sources */,
				DB5D4767214377E8004B2AFC /* AppDelegate.swift in Sources */,
			);
			runOnlyForDeploymentPostprocessing = 0;
		};
		DB5D4773214377E9004B2AFC /* Sources */ = {
			isa = PBXSourcesBuildPhase;
			buildActionMask = 2147483647;
			files = (
				DB5D477C214377E9004B2AFC /* TippyTests.swift in Sources */,
			);
			runOnlyForDeploymentPostprocessing = 0;
		};
		DB5D477E214377E9004B2AFC /* Sources */ = {
			isa = PBXSourcesBuildPhase;
			buildActionMask = 2147483647;
			files = (
				DB5D4787214377E9004B2AFC /* TippyUITests.swift in Sources */,
			);
			runOnlyForDeploymentPostprocessing = 0;
		};
/* End PBXSourcesBuildPhase section */

/* Begin PBXTargetDependency section */
		DB5D4779214377E9004B2AFC /* PBXTargetDependency */ = {
			isa = PBXTargetDependency;
			target = DB5D4762214377E8004B2AFC /* Tippy */;
			targetProxy = DB5D4778214377E9004B2AFC /* PBXContainerItemProxy */;
		};
		DB5D4784214377E9004B2AFC /* PBXTargetDependency */ = {
			isa = PBXTargetDependency;
			target = DB5D4762214377E8004B2AFC /* Tippy */;
			targetProxy = DB5D4783214377E9004B2AFC /* PBXContainerItemProxy */;
		};
/* End PBXTargetDependency section */

/* Begin PBXVariantGroup section */
		DB5D476A214377E8004B2AFC /* Main.storyboard */ = {
			isa = PBXVariantGroup;
			children = (
				DB5D476B214377E8004B2AFC /* Base */,
			);
			name = Main.storyboard;
			sourceTree = "<group>";
		};
		DB5D476F214377E9004B2AFC /* LaunchScreen.storyboard */ = {
			isa = PBXVariantGroup;
			children = (
				DB5D4770214377E9004B2AFC /* Base */,
			);
			name = LaunchScreen.storyboard;
			sourceTree = "<group>";
		};
/* End PBXVariantGroup section */

/* Begin XCBuildConfiguration section */
		DB5D4789214377E9004B2AFC /* Debug */ = {
			isa = XCBuildConfiguration;
			buildSettings = {
				ALWAYS_SEARCH_USER_PATHS = NO;
				CLANG_ANALYZER_NONNULL = YES;
				CLANG_ANALYZER_NUMBER_OBJECT_CONVERSION = YES_AGGRESSIVE;
				CLANG_CXX_LANGUAGE_STANDARD = "gnu++14";
				CLANG_CXX_LIBRARY = "libc++";
				CLANG_ENABLE_MODULES = YES;
				CLANG_ENABLE_OBJC_ARC = YES;
				CLANG_ENABLE_OBJC_WEAK = YES;
				CLANG_WARN_BLOCK_CAPTURE_AUTORELEASING = YES;
				CLANG_WARN_BOOL_CONVERSION = YES;
				CLANG_WARN_COMMA = YES;
				CLANG_WARN_CONSTANT_CONVERSION = YES;
				CLANG_WARN_DEPRECATED_OBJC_IMPLEMENTATIONS = YES;
				CLANG_WARN_DIRECT_OBJC_ISA_USAGE = YES_ERROR;
				CLANG_WARN_DOCUMENTATION_COMMENTS = YES;
				CLANG_WARN_EMPTY_BODY = YES;
				CLANG_WARN_ENUM_CONVERSION = YES;
				CLANG_WARN_INFINITE_RECURSION = YES;
				CLANG_WARN_INT_CONVERSION = YES;
				CLANG_WARN_NON_LITERAL_NULL_CONVERSION = YES;
				CLANG_WARN_OBJC_IMPLICIT_RETAIN_SELF = YES;
				CLANG_WARN_OBJC_LITERAL_CONVERSION = YES;
				CLANG_WARN_OBJC_ROOT_CLASS = YES_ERROR;
				CLANG_WARN_RANGE_LOOP_ANALYSIS = YES;
				CLANG_WARN_STRICT_PROTOTYPES = YES;
				CLANG_WARN_SUSPICIOUS_MOVE = YES;
				CLANG_WARN_UNGUARDED_AVAILABILITY = YES_AGGRESSIVE;
				CLANG_WARN_UNREACHABLE_CODE = YES;
				CLANG_WARN__DUPLICATE_METHOD_MATCH = YES;
				CODE_SIGN_IDENTITY = "iPhone Developer";
				COPY_PHASE_STRIP = NO;
				DEBUG_INFORMATION_FORMAT = dwarf;
				ENABLE_STRICT_OBJC_MSGSEND = YES;
				ENABLE_TESTABILITY = YES;
				GCC_C_LANGUAGE_STANDARD = gnu11;
				GCC_DYNAMIC_NO_PIC = NO;
				GCC_NO_COMMON_BLOCKS = YES;
				GCC_OPTIMIZATION_LEVEL = 0;
				GCC_PREPROCESSOR_DEFINITIONS = (
					"DEBUG=1",
					"$(inherited)",
				);
				GCC_WARN_64_TO_32_BIT_CONVERSION = YES;
				GCC_WARN_ABOUT_RETURN_TYPE = YES_ERROR;
				GCC_WARN_UNDECLARED_SELECTOR = YES;
				GCC_WARN_UNINITIALIZED_AUTOS = YES_AGGRESSIVE;
				GCC_WARN_UNUSED_FUNCTION = YES;
				GCC_WARN_UNUSED_VARIABLE = YES;
				IPHONEOS_DEPLOYMENT_TARGET = 11.4;
				MTL_ENABLE_DEBUG_INFO = YES;
				ONLY_ACTIVE_ARCH = YES;
				SDKROOT = iphoneos;
				SWIFT_ACTIVE_COMPILATION_CONDITIONS = DEBUG;
				SWIFT_OPTIMIZATION_LEVEL = "-Onone";
			};
			name = Debug;
		};
		DB5D478A214377E9004B2AFC /* Release */ = {
			isa = XCBuildConfiguration;
			buildSettings = {
				ALWAYS_SEARCH_USER_PATHS = NO;
				CLANG_ANALYZER_NONNULL = YES;
				CLANG_ANALYZER_NUMBER_OBJECT_CONVERSION = YES_AGGRESSIVE;
				CLANG_CXX_LANGUAGE_STANDARD = "gnu++14";
				CLANG_CXX_LIBRARY = "libc++";
				CLANG_ENABLE_MODULES = YES;
				CLANG_ENABLE_OBJC_ARC = YES;
				CLANG_ENABLE_OBJC_WEAK = YES;
				CLANG_WARN_BLOCK_CAPTURE_AUTORELEASING = YES;
				CLANG_WARN_BOOL_CONVERSION = YES;
				CLANG_WARN_COMMA = YES;
				CLANG_WARN_CONSTANT_CONVERSION = YES;
				CLANG_WARN_DEPRECATED_OBJC_IMPLEMENTATIONS = YES;
				CLANG_WARN_DIRECT_OBJC_ISA_USAGE = YES_ERROR;
				CLANG_WARN_DOCUMENTATION_COMMENTS = YES;
				CLANG_WARN_EMPTY_BODY = YES;
				CLANG_WARN_ENUM_CONVERSION = YES;
				CLANG_WARN_INFINITE_RECURSION = YES;
				CLANG_WARN_INT_CONVERSION = YES;
				CLANG_WARN_NON_LITERAL_NULL_CONVERSION = YES;
				CLANG_WARN_OBJC_IMPLICIT_RETAIN_SELF = YES;
				CLANG_WARN_OBJC_LITERAL_CONVERSION = YES;
				CLANG_WARN_OBJC_ROOT_CLASS = YES_ERROR;
				CLANG_WARN_RANGE_LOOP_ANALYSIS = YES;
				CLANG_WARN_STRICT_PROTOTYPES = YES;
				CLANG_WARN_SUSPICIOUS_MOVE = YES;
				CLANG_WARN_UNGUARDED_AVAILABILITY = YES_AGGRESSIVE;
				CLANG_WARN_UNREACHABLE_CODE = YES;
				CLANG_WARN__DUPLICATE_METHOD_MATCH = YES;
				CODE_SIGN_IDENTITY = "iPhone Developer";
				COPY_PHASE_STRIP = NO;
				DEBUG_INFORMATION_FORMAT = "dwarf-with-dsym";
				ENABLE_NS_ASSERTIONS = NO;
				ENABLE_STRICT_OBJC_MSGSEND = YES;
				GCC_C_LANGUAGE_STANDARD = gnu11;
				GCC_NO_COMMON_BLOCKS = YES;
				GCC_WARN_64_TO_32_BIT_CONVERSION = YES;
				GCC_WARN_ABOUT_RETURN_TYPE = YES_ERROR;
				GCC_WARN_UNDECLARED_SELECTOR = YES;
				GCC_WARN_UNINITIALIZED_AUTOS = YES_AGGRESSIVE;
				GCC_WARN_UNUSED_FUNCTION = YES;
				GCC_WARN_UNUSED_VARIABLE = YES;
				IPHONEOS_DEPLOYMENT_TARGET = 11.4;
				MTL_ENABLE_DEBUG_INFO = NO;
				SDKROOT = iphoneos;
				SWIFT_COMPILATION_MODE = wholemodule;
				SWIFT_OPTIMIZATION_LEVEL = "-O";
				VALIDATE_PRODUCT = YES;
			};
			name = Release;
		};
		DB5D478C214377E9004B2AFC /* Debug */ = {
			isa = XCBuildConfiguration;
			buildSettings = {
				ASSETCATALOG_COMPILER_APPICON_NAME = AppIcon;
				CODE_SIGN_STYLE = Automatic;
				INFOPLIST_FILE = Tippy/Info.plist;
				LD_RUNPATH_SEARCH_PATHS = (
					"$(inherited)",
					"@executable_path/Frameworks",
				);
				PRODUCT_BUNDLE_IDENTIFIER = com.codepath.Tippy;
				PRODUCT_NAME = "$(TARGET_NAME)";
				SWIFT_VERSION = 4.0;
				TARGETED_DEVICE_FAMILY = "1,2";
			};
			name = Debug;
		};
		DB5D478D214377E9004B2AFC /* Release */ = {
			isa = XCBuildConfiguration;
			buildSettings = {
				ASSETCATALOG_COMPILER_APPICON_NAME = AppIcon;
				CODE_SIGN_STYLE = Automatic;
				INFOPLIST_FILE = Tippy/Info.plist;
				LD_RUNPATH_SEARCH_PATHS = (
					"$(inherited)",
					"@executable_path/Frameworks",
				);
				PRODUCT_BUNDLE_IDENTIFIER = com.codepath.Tippy;
				PRODUCT_NAME = "$(TARGET_NAME)";
				SWIFT_VERSION = 4.0;
				TARGETED_DEVICE_FAMILY = "1,2";
			};
			name = Release;
		};
		DB5D478F214377E9004B2AFC /* Debug */ = {
			isa = XCBuildConfiguration;
			buildSettings = {
				ALWAYS_EMBED_SWIFT_STANDARD_LIBRARIES = YES;
				BUNDLE_LOADER = "$(TEST_HOST)";
				CODE_SIGN_STYLE = Automatic;
				INFOPLIST_FILE = TippyTests/Info.plist;
				LD_RUNPATH_SEARCH_PATHS = (
					"$(inherited)",
					"@executable_path/Frameworks",
					"@loader_path/Frameworks",
				);
				PRODUCT_BUNDLE_IDENTIFIER = com.codepath.TippyTests;
				PRODUCT_NAME = "$(TARGET_NAME)";
				SWIFT_VERSION = 4.0;
				TARGETED_DEVICE_FAMILY = "1,2";
				TEST_HOST = "$(BUILT_PRODUCTS_DIR)/Tippy.app/Tippy";
			};
			name = Debug;
		};
		DB5D4790214377E9004B2AFC /* Release */ = {
			isa = XCBuildConfiguration;
			buildSettings = {
				ALWAYS_EMBED_SWIFT_STANDARD_LIBRARIES = YES;
				BUNDLE_LOADER = "$(TEST_HOST)";
				CODE_SIGN_STYLE = Automatic;
				INFOPLIST_FILE = TippyTests/Info.plist;
				LD_RUNPATH_SEARCH_PATHS = (
					"$(inherited)",
					"@executable_path/Frameworks",
					"@loader_path/Frameworks",
				);
				PRODUCT_BUNDLE_IDENTIFIER = com.codepath.TippyTests;
				PRODUCT_NAME = "$(TARGET_NAME)";
				SWIFT_VERSION = 4.0;
				TARGETED_DEVICE_FAMILY = "1,2";
				TEST_HOST = "$(BUILT_PRODUCTS_DIR)/Tippy.app/Tippy";
			};
			name = Release;
		};
		DB5D4792214377E9004B2AFC /* Debug */ = {
			isa = XCBuildConfiguration;
			buildSettings = {
				ALWAYS_EMBED_SWIFT_STANDARD_LIBRARIES = YES;
				CODE_SIGN_STYLE = Automatic;
				INFOPLIST_FILE = TippyUITests/Info.plist;
				LD_RUNPATH_SEARCH_PATHS = (
					"$(inherited)",
					"@executable_path/Frameworks",
					"@loader_path/Frameworks",
				);
				PRODUCT_BUNDLE_IDENTIFIER = com.codepath.TippyUITests;
				PRODUCT_NAME = "$(TARGET_NAME)";
				SWIFT_VERSION = 4.0;
				TARGETED_DEVICE_FAMILY = "1,2";
				TEST_TARGET_NAME = Tippy;
			};
			name = Debug;
		};
		DB5D4793214377E9004B2AFC /* Release */ = {
			isa = XCBuildConfiguration;
			buildSettings = {
				ALWAYS_EMBED_SWIFT_STANDARD_LIBRARIES = YES;
				CODE_SIGN_STYLE = Automatic;
				INFOPLIST_FILE = TippyUITests/Info.plist;
				LD_RUNPATH_SEARCH_PATHS = (
					"$(inherited)",
					"@executable_path/Frameworks",
					"@loader_path/Frameworks",
				);
				PRODUCT_BUNDLE_IDENTIFIER = com.codepath.TippyUITests;
				PRODUCT_NAME = "$(TARGET_NAME)";
				SWIFT_VERSION = 4.0;
				TARGETED_DEVICE_FAMILY = "1,2";
				TEST_TARGET_NAME = Tippy;
			};
			name = Release;
		};
/* End XCBuildConfiguration section */

/* Begin XCConfigurationList section */
		DB5D475E214377E8004B2AFC /* Build configuration list for PBXProject "Tippy" */ = {
			isa = XCConfigurationList;
			buildConfigurations = (
				DB5D4789214377E9004B2AFC /* Debug */,
				DB5D478A214377E9004B2AFC /* Release */,
			);
			defaultConfigurationIsVisible = 0;
			defaultConfigurationName = Release;
		};
		DB5D478B214377E9004B2AFC /* Build configuration list for PBXNativeTarget "Tippy" */ = {
			isa = XCConfigurationList;
			buildConfigurations = (
				DB5D478C214377E9004B2AFC /* Debug */,
				DB5D478D214377E9004B2AFC /* Release */,
			);
			defaultConfigurationIsVisible = 0;
			defaultConfigurationName = Release;
		};
		DB5D478E214377E9004B2AFC /* Build configuration list for PBXNativeTarget "TippyTests" */ = {
			isa = XCConfigurationList;
			buildConfigurations = (
				DB5D478F214377E9004B2AFC /* Debug */,
				DB5D4790214377E9004B2AFC /* Release */,
			);
			defaultConfigurationIsVisible = 0;
			defaultConfigurationName = Release;
		};
		DB5D4791214377E9004B2AFC /* Build configuration list for PBXNativeTarget "TippyUITests" */ = {
			isa = XCConfigurationList;
			buildConfigurations = (
				DB5D4792214377E9004B2AFC /* Debug */,
				DB5D4793214377E9004B2AFC /* Release */,
			);
			defaultConfigurationIsVisible = 0;
			defaultConfigurationName = Release;
		};
/* End XCConfigurationList section */
	};
	rootObject = DB5D475B214377E8004B2AFC /* Project object */;
}
